
Microsoft Visual Studio Solution File, Format Version 12.00
# Visual Studio Version 16
VisualStudioVersion = 16.0.31424.327
MinimumVisualStudioVersion = 10.0.40219.1
Project("{9A19103F-16F7-4668-BE54-9A1E7A4F7556}") = "Core", "Core\Core.csproj", "{C3926991-C851-4A82-AD2D-B932B389F7E3}"
EndProject
Project("{9A19103F-16F7-4668-BE54-9A1E7A4F7556}") = "Entities", "Entities\Entities.csproj", "{90429E9D-895D-4D38-81CF-1D974971FF94}"
EndProject
Project("{9A19103F-16F7-4668-BE54-9A1E7A4F7556}") = "DataAccess", "DataAccess\DataAccess.csproj", "{04E67CDB-0FD7-489E-B6EA-83DECC974B85}"
EndProject
Project("{FAE04EC0-301F-11D3-BF4B-00C04F79EFBC}") = "Business", "Business\Business.csproj", "{633C6BDA-4E2F-48FD-BF42-04B9BDA9CDB7}"
EndProject
Project("{FAE04EC0-301F-11D3-BF4B-00C04F79EFBC}") = "WEBAPI", "WEBAPI\WEBAPI.csproj", "{980C16AD-4E1B-446B-9C11-39B080DA4A86}"
EndProject
Global
	GlobalSection(SolutionConfigurationPlatforms) = preSolution
		Debug|Any CPU = Debug|Any CPU
		Release|Any CPU = Release|Any CPU
	EndGlobalSection
	GlobalSection(ProjectConfigurationPlatforms) = postSolution
		{C3926991-C851-4A82-AD2D-B932B389F7E3}.Debug|Any CPU.ActiveCfg = Debug|Any CPU
		{C3926991-C851-4A82-AD2D-B932B389F7E3}.Debug|Any CPU.Build.0 = Debug|Any CPU
		{C3926991-C851-4A82-AD2D-B932B389F7E3}.Release|Any CPU.ActiveCfg = Release|Any CPU
		{C3926991-C851-4A82-AD2D-B932B389F7E3}.Release|Any CPU.Build.0 = Release|Any CPU
		{90429E9D-895D-4D38-81CF-1D974971FF94}.Debug|Any CPU.ActiveCfg = Debug|Any CPU
		{90429E9D-895D-4D38-81CF-1D974971FF94}.Debug|Any CPU.Build.0 = Debug|Any CPU
		{90429E9D-895D-4D38-81CF-1D974971FF94}.Release|Any CPU.ActiveCfg = Release|Any CPU
		{90429E9D-895D-4D38-81CF-1D974971FF94}.Release|Any CPU.Build.0 = Release|Any CPU
		{04E67CDB-0FD7-489E-B6EA-83DECC974B85}.Debug|Any CPU.ActiveCfg = Debug|Any CPU
		{04E67CDB-0FD7-489E-B6EA-83DECC974B85}.Debug|Any CPU.Build.0 = Debug|Any CPU
		{04E67CDB-0FD7-489E-B6EA-83DECC974B85}.Release|Any CPU.ActiveCfg = Release|Any CPU
		{04E67CDB-0FD7-489E-B6EA-83DECC974B85}.Release|Any CPU.Build.0 = Release|Any CPU
		{633C6BDA-4E2F-48FD-BF42-04B9BDA9CDB7}.Debug|Any CPU.ActiveCfg = Debug|Any CPU
		{633C6BDA-4E2F-48FD-BF42-04B9BDA9CDB7}.Debug|Any CPU.Build.0 = Debug|Any CPU
		{633C6BDA-4E2F-48FD-BF42-04B9BDA9CDB7}.Release|Any CPU.ActiveCfg = Release|Any CPU
		{633C6BDA-4E2F-48FD-BF42-04B9BDA9CDB7}.Release|Any CPU.Build.0 = Release|Any CPU
		{980C16AD-4E1B-446B-9C11-39B080DA4A86}.Debug|Any CPU.ActiveCfg = Debug|Any CPU
		{980C16AD-4E1B-446B-9C11-39B080DA4A86}.Debug|Any CPU.Build.0 = Debug|Any CPU
		{980C16AD-4E1B-446B-9C11-39B080DA4A86}.Release|Any CPU.ActiveCfg = Release|Any CPU
		{980C16AD-4E1B-446B-9C11-39B080DA4A86}.Release|Any CPU.Build.0 = Release|Any CPU
	EndGlobalSection
	GlobalSection(SolutionProperties) = preSolution
		HideSolutionNode = FALSE
	EndGlobalSection
	GlobalSection(ExtensibilityGlobals) = postSolution
		SolutionGuid = {F47BD091-DF14-4C1C-A768-8D9388528320}
	EndGlobalSection
EndGlobal
